// !$*UTF8*$!
{
	archiveVersion = 1;
	classes = {
	};
	objectVersion = 46;
	objects = {

/* Begin PBXBuildFile section */
		EE7B195D1E89ED7E0057080A /* AppDelegate.swift in Sources */ = {isa = PBXBuildFile; fileRef = EE7B195C1E89ED7E0057080A /* AppDelegate.swift */; };
		EE7B195F1E89ED7E0057080A /* ViewController.swift in Sources */ = {isa = PBXBuildFile; fileRef = EE7B195E1E89ED7E0057080A /* ViewController.swift */; };
		EE7B19621E89ED7E0057080A /* Main.storyboard in Resources */ = {isa = PBXBuildFile; fileRef = EE7B19601E89ED7E0057080A /* Main.storyboard */; };
		EE7B19641E89ED7E0057080A /* Assets.xcassets in Resources */ = {isa = PBXBuildFile; fileRef = EE7B19631E89ED7E0057080A /* Assets.xcassets */; };
		EE7B19671E89ED7E0057080A /* LaunchScreen.storyboard in Resources */ = {isa = PBXBuildFile; fileRef = EE7B19651E89ED7E0057080A /* LaunchScreen.storyboard */; };
/* End PBXBuildFile section */

/* Begin PBXFileReference section */
		EE7B19591E89ED7E0057080A /* gnavi-api-sample.app */ = {isa = PBXFileReference; explicitFileType = wrapper.application; includeInIndex = 0; path = "gnavi-api-sample.app"; sourceTree = BUILT_PRODUCTS_DIR; };
		EE7B195C1E89ED7E0057080A /* AppDelegate.swift */ = {isa = PBXFileReference; lastKnownFileType = sourcecode.swift; path = AppDelegate.swift; sourceTree = "<group>"; };
		EE7B195E1E89ED7E0057080A /* ViewController.swift */ = {isa = PBXFileReference; lastKnownFileType = sourcecode.swift; path = ViewController.swift; sourceTree = "<group>"; };
		EE7B19611E89ED7E0057080A /* Base */ = {isa = PBXFileReference; lastKnownFileType = file.storyboard; name = Base; path = Base.lproj/Main.storyboard; sourceTree = "<group>"; };
		EE7B19631E89ED7E0057080A /* Assets.xcassets */ = {isa = PBXFileReference; lastKnownFileType = folder.assetcatalog; path = Assets.xcassets; sourceTree = "<group>"; };
		EE7B19661E89ED7E0057080A /* Base */ = {isa = PBXFileReference; lastKnownFileType = file.storyboard; name = Base; path = Base.lproj/LaunchScreen.storyboard; sourceTree = "<group>"; };
		EE7B19681E89ED7E0057080A /* Info.plist */ = {isa = PBXFileReference; lastKnownFileType = text.plist.xml; path = Info.plist; sourceTree = "<group>"; };
/* End PBXFileReference section */

/* Begin PBXFrameworksBuildPhase section */
		EE7B19561E89ED7D0057080A /* Frameworks */ = {
			isa = PBXFrameworksBuildPhase;
			buildActionMask = 2147483647;
			files = (
			);
			runOnlyForDeploymentPostprocessing = 0;
		};
/* End PBXFrameworksBuildPhase section */

/* Begin PBXGroup section */
		EE7B19501E89ED7D0057080A = {
			isa = PBXGroup;
			children = (
				EE7B195B1E89ED7E0057080A /* gnavi-api-sample */,
				EE7B195A1E89ED7E0057080A /* Products */,
			);
			sourceTree = "<group>";
		};
		EE7B195A1E89ED7E0057080A /* Products */ = {
			isa = PBXGroup;
			children = (
				EE7B19591E89ED7E0057080A /* gnavi-api-sample.app */,
			);
			name = Products;
			sourceTree = "<group>";
		};
		EE7B195B1E89ED7E0057080A /* gnavi-api-sample */ = {
			isa = PBXGroup;
			children = (
				EE7B195C1E89ED7E0057080A /* AppDelegate.swift */,
				EE7B195E1E89ED7E0057080A /* ViewController.swift */,
				EE7B19601E89ED7E0057080A /* Main.storyboard */,
				EE7B19631E89ED7E0057080A /* Assets.xcassets */,
				EE7B19651E89ED7E0057080A /* LaunchScreen.storyboard */,
				EE7B19681E89ED7E0057080A /* Info.plist */,
			);
			path = "gnavi-api-sample";
			sourceTree = "<group>";
		};
/* End PBXGroup section */

/* Begin PBXNativeTarget section */
		EE7B19581E89ED7D0057080A /* gnavi-api-sample */ = {
			isa = PBXNativeTarget;
			buildConfigurationList = EE7B196B1E89ED7E0057080A /* Build configuration list for PBXNativeTarget "gnavi-api-sample" */;
			buildPhases = (
				EE7B19551E89ED7D0057080A /* Sources */,
				EE7B19561E89ED7D0057080A /* Frameworks */,
				EE7B19571E89ED7D0057080A /* Resources */,
			);
			buildRules = (
			);
			dependencies = (
			);
			name = "gnavi-api-sample";
			productName = "gnavi-api-sample";
			productReference = EE7B19591E89ED7E0057080A /* gnavi-api-sample.app */;
			productType = "com.apple.product-type.application";
		};
/* End PBXNativeTarget section */

/* Begin PBXProject section */
		EE7B19511E89ED7D0057080A /* Project object */ = {
			isa = PBXProject;
			attributes = {
				LastSwiftUpdateCheck = 0820;
				LastUpgradeCheck = 0820;
				ORGANIZATIONNAME = kshimomiya;
				TargetAttributes = {
					EE7B19581E89ED7D0057080A = {
						CreatedOnToolsVersion = 8.2.1;
						ProvisioningStyle = Automatic;
					};
				};
			};
			buildConfigurationList = EE7B19541E89ED7D0057080A /* Build configuration list for PBXProject "gnavi-api-sample" */;
			compatibilityVersion = "Xcode 3.2";
			developmentRegion = English;
			hasScannedForEncodings = 0;
			knownRegions = (
				en,
				Base,
			);
			mainGroup = EE7B19501E89ED7D0057080A;
			productRefGroup = EE7B195A1E89ED7E0057080A /* Products */;
			projectDirPath = "";
			projectRoot = "";
			targets = (
				EE7B19581E89ED7D0057080A /* gnavi-api-sample */,
			);
		};
/* End PBXProject section */

/* Begin PBXResourcesBuildPhase section */
		EE7B19571E89ED7D0057080A /* Resources */ = {
			isa = PBXResourcesBuildPhase;
			buildActionMask = 2147483647;
			files = (
				EE7B19671E89ED7E0057080A /* LaunchScreen.storyboard in Resources */,
				EE7B19641E89ED7E0057080A /* Assets.xcassets in Resources */,
				EE7B19621E89ED7E0057080A /* Main.storyboard in Resources */,
			);
			runOnlyForDeploymentPostprocessing = 0;
		};
/* End PBXResourcesBuildPhase section */

/* Begin PBXSourcesBuildPhase section */
		EE7B19551E89ED7D0057080A /* Sources */ = {
			isa = PBXSourcesBuildPhase;
			buildActionMask = 2147483647;
			files = (
				EE7B195F1E89ED7E0057080A /* ViewController.swift in Sources */,
				EE7B195D1E89ED7E0057080A /* AppDelegate.swift in Sources */,
			);
			runOnlyForDeploymentPostprocessing = 0;
		};
/* End PBXSourcesBuildPhase section */

/* Begin PBXVariantGroup section */
		EE7B19601E89ED7E0057080A /* Main.storyboard */ = {
			isa = PBXVariantGroup;
			children = (
				EE7B19611E89ED7E0057080A /* Base */,
			);
			name = Main.storyboard;
			sourceTree = "<group>";
		};
		EE7B19651E89ED7E0057080A /* LaunchScreen.storyboard */ = {
			isa = PBXVariantGroup;
			children = (
				EE7B19661E89ED7E0057080A /* Base */,
			);
			name = LaunchScreen.storyboard;
			sourceTree = "<group>";
		};
/* End PBXVariantGroup section */

/* Begin XCBuildConfiguration section */
		EE7B19691E89ED7E0057080A /* Debug */ = {
			isa = XCBuildConfiguration;
			buildSettings = {
				ALWAYS_SEARCH_USER_PATHS = NO;
				CLANG_ANALYZER_NONNULL = YES;
				CLANG_CXX_LANGUAGE_STANDARD = "gnu++0x";
				CLANG_CXX_LIBRARY = "libc++";
				CLANG_ENABLE_MODULES = YES;
				CLANG_ENABLE_OBJC_ARC = YES;
				CLANG_WARN_BOOL_CONVERSION = YES;
				CLANG_WARN_CONSTANT_CONVERSION = YES;
				CLANG_WARN_DIRECT_OBJC_ISA_USAGE = YES_ERROR;
				CLANG_WARN_DOCUMENTATION_COMMENTS = YES;
				CLANG_WARN_EMPTY_BODY = YES;
				CLANG_WARN_ENUM_CONVERSION = YES;
				CLANG_WARN_INFINITE_RECURSION = YES;
				CLANG_WARN_INT_CONVERSION = YES;
				CLANG_WARN_OBJC_ROOT_CLASS = YES_ERROR;
				CLANG_WARN_SUSPICIOUS_MOVE = YES;
				CLANG_WARN_UNREACHABLE_CODE = YES;
				CLANG_WARN__DUPLICATE_METHOD_MATCH = YES;
				"CODE_SIGN_IDENTITY[sdk=iphoneos*]" = "iPhone Developer";
				COPY_PHASE_STRIP = NO;
				DEBUG_INFORMATION_FORMAT = dwarf;
				ENABLE_STRICT_OBJC_MSGSEND = YES;
				ENABLE_TESTABILITY = YES;
				GCC_C_LANGUAGE_STANDARD = gnu99;
				GCC_DYNAMIC_NO_PIC = NO;
				GCC_NO_COMMON_BLOCKS = YES;
				GCC_OPTIMIZATION_LEVEL = 0;
				GCC_PREPROCESSOR_DEFINITIONS = (
					"DEBUG=1",
					"$(inherited)",
				);
				GCC_WARN_64_TO_32_BIT_CONVERSION = YES;
				GCC_WARN_ABOUT_RETURN_TYPE = YES_ERROR;
				GCC_WARN_UNDECLARED_SELECTOR = YES;
				GCC_WARN_UNINITIALIZED_AUTOS = YES_AGGRESSIVE;
				GCC_WARN_UNUSED_FUNCTION = YES;
				GCC_WARN_UNUSED_VARIABLE = YES;
				IPHONEOS_DEPLOYMENT_TARGET = 10.2;
				MTL_ENABLE_DEBUG_INFO = YES;
				ONLY_ACTIVE_ARCH = YES;
				SDKROOT = iphoneos;
				SWIFT_ACTIVE_COMPILATION_CONDITIONS = DEBUG;
				SWIFT_OPTIMIZATION_LEVEL = "-Onone";
				TARGETED_DEVICE_FAMILY = "1,2";
			};
			name = Debug;
		};
		EE7B196A1E89ED7E0057080A /* Release */ = {
			isa = XCBuildConfiguration;
			buildSettings = {
				ALWAYS_SEARCH_USER_PATHS = NO;
				CLANG_ANALYZER_NONNULL = YES;
				CLANG_CXX_LANGUAGE_STANDARD = "gnu++0x";
				CLANG_CXX_LIBRARY = "libc++";
				CLANG_ENABLE_MODULES = YES;
				CLANG_ENABLE_OBJC_ARC = YES;
				CLANG_WARN_BOOL_CONVERSION = YES;
				CLANG_WARN_CONSTANT_CONVERSION = YES;
				CLANG_WARN_DIRECT_OBJC_ISA_USAGE = YES_ERROR;
				CLANG_WARN_DOCUMENTATION_COMMENTS = YES;
				CLANG_WARN_EMPTY_BODY = YES;
				CLANG_WARN_ENUM_CONVERSION = YES;
				CLANG_WARN_INFINITE_RECURSION = YES;
				CLANG_WARN_INT_CONVERSION = YES;
				CLANG_WARN_OBJC_ROOT_CLASS = YES_ERROR;
				CLANG_WARN_SUSPICIOUS_MOVE = YES;
				CLANG_WARN_UNREACHABLE_CODE = YES;
				CLANG_WARN__DUPLICATE_METHOD_MATCH = YES;
				"CODE_SIGN_IDENTITY[sdk=iphoneos*]" = "iPhone Developer";
				COPY_PHASE_STRIP = NO;
				DEBUG_INFORMATION_FORMAT = "dwarf-with-dsym";
				ENABLE_NS_ASSERTIONS = NO;
				ENABLE_STRICT_OBJC_MSGSEND = YES;
				GCC_C_LANGUAGE_STANDARD = gnu99;
				GCC_NO_COMMON_BLOCKS = YES;
				GCC_WARN_64_TO_32_BIT_CONVERSION = YES;
				GCC_WARN_ABOUT_RETURN_TYPE = YES_ERROR;
				GCC_WARN_UNDECLARED_SELECTOR = YES;
				GCC_WARN_UNINITIALIZED_AUTOS = YES_AGGRESSIVE;
				GCC_WARN_UNUSED_FUNCTION = YES;
				GCC_WARN_UNUSED_VARIABLE = YES;
				IPHONEOS_DEPLOYMENT_TARGET = 10.2;
				MTL_ENABLE_DEBUG_INFO = NO;
				SDKROOT = iphoneos;
				SWIFT_OPTIMIZATION_LEVEL = "-Owholemodule";
				TARGETED_DEVICE_FAMILY = "1,2";
				VALIDATE_PRODUCT = YES;
			};
			name = Release;
		};
		EE7B196C1E89ED7E0057080A /* Debug */ = {
			isa = XCBuildConfiguration;
			buildSettings = {
				ASSETCATALOG_COMPILER_APPICON_NAME = AppIcon;
				INFOPLIST_FILE = "gnavi-api-sample/Info.plist";
				LD_RUNPATH_SEARCH_PATHS = "$(inherited) @executable_path/Frameworks";
				PRODUCT_BUNDLE_IDENTIFIER = "com.kshimomiya.gnavi-api-sample";
				PRODUCT_NAME = "$(TARGET_NAME)";
				SWIFT_VERSION = 3.0;
			};
			name = Debug;
		};
		EE7B196D1E89ED7E0057080A /* Release */ = {
			isa = XCBuildConfiguration;
			buildSettings = {
				ASSETCATALOG_COMPILER_APPICON_NAME = AppIcon;
				INFOPLIST_FILE = "gnavi-api-sample/Info.plist";
				LD_RUNPATH_SEARCH_PATHS = "$(inherited) @executable_path/Frameworks";
				PRODUCT_BUNDLE_IDENTIFIER = "com.kshimomiya.gnavi-api-sample";
				PRODUCT_NAME = "$(TARGET_NAME)";
				SWIFT_VERSION = 3.0;
			};
			name = Release;
		};
/* End XCBuildConfiguration section */

/* Begin XCConfigurationList section */
		EE7B19541E89ED7D0057080A /* Build configuration list for PBXProject "gnavi-api-sample" */ = {
			isa = XCConfigurationList;
			buildConfigurations = (
				EE7B19691E89ED7E0057080A /* Debug */,
				EE7B196A1E89ED7E0057080A /* Release */,
			);
			defaultConfigurationIsVisible = 0;
			defaultConfigurationName = Release;
		};
		EE7B196B1E89ED7E0057080A /* Build configuration list for PBXNativeTarget "gnavi-api-sample" */ = {
			isa = XCConfigurationList;
			buildConfigurations = (
				EE7B196C1E89ED7E0057080A /* Debug */,
				EE7B196D1E89ED7E0057080A /* Release */,
			);
			defaultConfigurationIsVisible = 0;
		};
/* End XCConfigurationList section */
	};
	rootObject = EE7B19511E89ED7D0057080A /* Project object */;
}
